{
  "name": "weatherapp",
  "version": "1.0.0",
  "lockfileVersion": 3,
  "requires": true,
  "packages": {
    "": {
      "name": "weatherapp",
      "version": "1.0.0",
      "license": "ISC",
      "dependencies": {
        "@progress/kendo-theme-default": "^8.0.1",
        "@progress/kendo-ui": "^2024.2.514"
      }
    },
    "node_modules/@progress/kendo-svg-icons": {
      "version": "3.0.0",
      "resolved": "https://registry.npmjs.org/@progress/kendo-svg-icons/-/kendo-svg-icons-3.0.0.tgz",
      "integrity": "sha512-+Hk0YWhxd9rIvFNX6T+L0P2x9/DJ8Z4baHWY4xT2ntjVK9IasSPgMmfQiAfs58q3vTiyZNkmx7Yfrdg5Mqh8Aw=="
    },
    "node_modules/@progress/kendo-theme-core": {
      "version": "8.0.1",
      "resolved": "https://registry.npmjs.org/@progress/kendo-theme-core/-/kendo-theme-core-8.0.1.tgz",
      "integrity": "sha512-5GdONCiIDj3TtKM30Nr2fYv5wQp932+29ea3Q2/PExO7qZ05oPv0ddFUDiUuocMrOL7cxbL6/x9NcMg+2J5w5Q=="
    },
    "node_modules/@progress/kendo-theme-default": {
      "version": "8.0.1",
      "resolved": "https://registry.npmjs.org/@progress/kendo-theme-default/-/kendo-theme-default-8.0.1.tgz",
      "integrity": "sha512-rlINXUJPeVQbUEZqoe+L9tSLiVhgfPyvk0XvRhYSr316CluOD1+ZZxGmKfM9lOZ5BA8l/OyMu8Z940eOVSx7GQ==",
      "dependencies": {
        "@progress/kendo-svg-icons": "3.0.0",
        "@progress/kendo-theme-core": "8.0.1",
        "@progress/kendo-theme-utils": "8.0.1"
      }
    },
    "node_modules/@progress/kendo-theme-utils": {
      "version": "8.0.1",
      "resolved": "https://registry.npmjs.org/@progress/kendo-theme-utils/-/kendo-theme-utils-8.0.1.tgz",
      "integrity": "sha512-M79alCEjrFe3sUPqfVOMvmaGj6IavL5iz/NREs1OF2rQORIuLFJxEw3J2uwSAxsczp4mToIcl7zjtcJyJBHnwA==",
      "dependencies": {
        "@progress/kendo-theme-core": "8.0.1"
      }
    },
    "node_modules/@progress/kendo-ui": {
      "version": "2024.2.514",
      "resolved": "https://registry.npmjs.org/@progress/kendo-ui/-/kendo-ui-2024.2.514.tgz",
      "integrity": "sha512-0aSQZZmcUxgpbf71M+9yTa64I5X3SWOgvOxr+kIdg6GU+QA+Vv0FcsB6NHgErbNBLuKFTpR0ukyD82AcZ6DyhA==",
      "dependencies": {
        "jquery": "1.10.0 - 3.7"
      }
    },
    "node_modules/jquery": {
      "version": "3.7.1",
      "resolved": "https://registry.npmjs.org/jquery/-/jquery-3.7.1.tgz",
      "integrity": "sha512-m4avr8yL8kmFN8psrbFFFmB/If14iN5o9nw/NgnnM+kybDJpRsAynV2BsfpTYrTRysYUdADVD7CkUUizgkpLfg=="
    }
  }
}
